// !$*UTF8*$!
{
	archiveVersion = 1;
	classes = {
	};
	objectVersion = 77;
	objects = {

/* Begin PBXBuildFile section */
		AABBCC001122334455667701 /* MediaPipeTasksVision in Frameworks */ = {isa = PBXBuildFile; productRef = AABBCC001122334455667702 /* MediaPipeTasksVision */; };
		44973D402F9F72A50098D200 /* Kingfisher in Frameworks */ = {isa = PBXBuildFile; productRef = 44973D3F2F9F72A50098D200 /* Kingfisher */; };
/* End PBXBuildFile section */

/* Begin PBXContainerItemProxy section */
		44DE8F112F0E6CEC008AC986 /* PBXContainerItemProxy */ = {
			isa = PBXContainerItemProxy;
			containerPortal = 44DE8EF42F0E6CEB008AC986 /* Project object */;
			proxyType = 1;
			remoteGlobalIDString = 44DE8EFB2F0E6CEB008AC986;
			remoteInfo = GymRat;
		};
		44DE8F1B2F0E6CEC008AC986 /* PBXContainerItemProxy */ = {
			isa = PBXContainerItemProxy;
			containerPortal = 44DE8EF42F0E6CEB008AC986 /* Project object */;
			proxyType = 1;
			remoteGlobalIDString = 44DE8EFB2F0E6CEB008AC986;
			remoteInfo = GymRat;
		};
/* End PBXContainerItemProxy section */

/* Begin PBXFileReference section */
		44DE8EFC2F0E6CEB008AC986 /* GymRat.app */ = {isa = PBXFileReference; explicitFileType = wrapper.application; includeInIndex = 0; path = GymRat.app; sourceTree = BUILT_PRODUCTS_DIR; };
		44DE8F102F0E6CEC008AC986 /* GymRatTests.xctest */ = {isa = PBXFileReference; explicitFileType = wrapper.cfbundle; includeInIndex = 0; path = GymRatTests.xctest; sourceTree = BUILT_PRODUCTS_DIR; };
		44DE8F1A2F0E6CEC008AC986 /* GymRatUITests.xctest */ = {isa = PBXFileReference; explicitFileType = wrapper.cfbundle; includeInIndex = 0; path = GymRatUITests.xctest; sourceTree = BUILT_PRODUCTS_DIR; };
/* End PBXFileReference section */

/* Begin PBXFileSystemSynchronizedBuildFileExceptionSet section */
		445DF4012F7F8C8A0002750A /* Exceptions for "GymRat" folder in "GymRat" target */ = {
			isa = PBXFileSystemSynchronizedBuildFileExceptionSet;
			membershipExceptions = (
				Core/Secrets.xcconfig,
				Resources/Info.plist,
			);
			target = 44DE8EFB2F0E6CEB008AC986 /* GymRat */;
		};
/* End PBXFileSystemSynchronizedBuildFileExceptionSet section */

/* Begin PBXFileSystemSynchronizedRootGroup section */
		44DE8EFE2F0E6CEB008AC986 /* GymRat */ = {
			isa = PBXFileSystemSynchronizedRootGroup;
			exceptions = (
				445DF4012F7F8C8A0002750A /* Exceptions for "GymRat" folder in "GymRat" target */,
			);
			path = GymRat;
			sourceTree = "<group>";
		};
		44DE8F132F0E6CEC008AC986 /* GymRatTests */ = {
			isa = PBXFileSystemSynchronizedRootGroup;
			path = GymRatTests;
			sourceTree = "<group>";
		};
		44DE8F1D2F0E6CEC008AC986 /* GymRatUITests */ = {
			isa = PBXFileSystemSynchronizedRootGroup;
			path = GymRatUITests;
			sourceTree = "<group>";
		};
/* End PBXFileSystemSynchronizedRootGroup section */

/* Begin PBXFrameworksBuildPhase section */
		44DE8EF92F0E6CEB008AC986 /* Frameworks */ = {
			isa = PBXFrameworksBuildPhase;
			buildActionMask = 2147483647;
			files = (
				44973D402F9F72A50098D200 /* Kingfisher in Frameworks */,
				AABBCC001122334455667701 /* MediaPipeTasksVision in Frameworks */,
			);
			runOnlyForDeploymentPostprocessing = 0;
		};
		44DE8F0D2F0E6CEC008AC986 /* Frameworks */ = {
			isa = PBXFrameworksBuildPhase;
			buildActionMask = 2147483647;
			files = (
			);
			runOnlyForDeploymentPostprocessing = 0;
		};
		44DE8F172F0E6CEC008AC986 /* Frameworks */ = {
			isa = PBXFrameworksBuildPhase;
			buildActionMask = 2147483647;
			files = (
			);
			runOnlyForDeploymentPostprocessing = 0;
		};
/* End PBXFrameworksBuildPhase section */

/* Begin PBXGroup section */
		44973D3E2F9F72A50098D200 /* Frameworks */ = {
			isa = PBXGroup;
			children = (
			);
			name = Frameworks;
			sourceTree = "<group>";
		};
		44DE8EF32F0E6CEB008AC986 = {
			isa = PBXGroup;
			children = (
				44DE8EFE2F0E6CEB008AC986 /* GymRat */,
				44DE8F132F0E6CEC008AC986 /* GymRatTests */,
				44DE8F1D2F0E6CEC008AC986 /* GymRatUITests */,
				44973D3E2F9F72A50098D200 /* Frameworks */,
				44DE8EFD2F0E6CEB008AC986 /* Products */,
			);
			sourceTree = "<group>";
		};
		44DE8EFD2F0E6CEB008AC986 /* Products */ = {
			isa = PBXGroup;
			children = (
				44DE8EFC2F0E6CEB008AC986 /* GymRat.app */,
				44DE8F102F0E6CEC008AC986 /* GymRatTests.xctest */,
				44DE8F1A2F0E6CEC008AC986 /* GymRatUITests.xctest */,
			);
			name = Products;
			sourceTree = "<group>";
		};
/* End PBXGroup section */

/* Begin PBXNativeTarget section */
		44DE8EFB2F0E6CEB008AC986 /* GymRat */ = {
			isa = PBXNativeTarget;
			buildConfigurationList = 44DE8F232F0E6CEC008AC986 /* Build configuration list for PBXNativeTarget "GymRat" */;
			buildPhases = (
				44DE8EF82F0E6CEB008AC986 /* Sources */,
				44DE8EF92F0E6CEB008AC986 /* Frameworks */,
				44DE8EFA2F0E6CEB008AC986 /* Resources */,
			);
			buildRules = (
			);
			dependencies = (
			);
			fileSystemSynchronizedGroups = (
				44DE8EFE2F0E6CEB008AC986 /* GymRat */,
			);
			name = GymRat;
			packageProductDependencies = (
				44973D3F2F9F72A50098D200 /* Kingfisher */,
				AABBCC001122334455667702 /* MediaPipeTasksVision */,
			);
			productName = GymRat;
			productReference = 44DE8EFC2F0E6CEB008AC986 /* GymRat.app */;
			productType = "com.apple.product-type.application";
		};
		44DE8F0F2F0E6CEC008AC986 /* GymRatTests */ = {
			isa = PBXNativeTarget;
			buildConfigurationList = 44DE8F282F0E6CEC008AC986 /* Build configuration list for PBXNativeTarget "GymRatTests" */;
			buildPhases = (
				44DE8F0C2F0E6CEC008AC986 /* Sources */,
				44DE8F0D2F0E6CEC008AC986 /* Frameworks */,
				44DE8F0E2F0E6CEC008AC986 /* Resources */,
			);
			buildRules = (
			);
			dependencies = (
				44DE8F122F0E6CEC008AC986 /* PBXTargetDependency */,
			);
			fileSystemSynchronizedGroups = (
				44DE8F132F0E6CEC008AC986 /* GymRatTests */,
			);
			name = GymRatTests;
			packageProductDependencies = (
			);
			productName = GymRatTests;
			productReference = 44DE8F102F0E6CEC008AC986 /* GymRatTests.xctest */;
			productType = "com.apple.product-type.bundle.unit-test";
		};
		44DE8F192F0E6CEC008AC986 /* GymRatUITests */ = {
			isa = PBXNativeTarget;
			buildConfigurationList = 44DE8F2B2F0E6CEC008AC986 /* Build configuration list for PBXNativeTarget "GymRatUITests" */;
			buildPhases = (
				44DE8F162F0E6CEC008AC986 /* Sources */,
				44DE8F172F0E6CEC008AC986 /* Frameworks */,
				44DE8F182F0E6CEC008AC986 /* Resources */,
			);
			buildRules = (
			);
			dependencies = (
				44DE8F1C2F0E6CEC008AC986 /* PBXTargetDependency */,
			);
			fileSystemSynchronizedGroups = (
				44DE8F1D2F0E6CEC008AC986 /* GymRatUITests */,
			);
			name = GymRatUITests;
			packageProductDependencies = (
			);
			productName = GymRatUITests;
			productReference = 44DE8F1A2F0E6CEC008AC986 /* GymRatUITests.xctest */;
			productType = "com.apple.product-type.bundle.ui-testing";
		};
/* End PBXNativeTarget section */

/* Begin PBXProject section */
		44DE8EF42F0E6CEB008AC986 /* Project object */ = {
			isa = PBXProject;
			attributes = {
				BuildIndependentTargetsInParallel = 1;
				LastSwiftUpdateCheck = 1620;
				LastUpgradeCheck = 2660;
				TargetAttributes = {
					44DE8EFB2F0E6CEB008AC986 = {
						CreatedOnToolsVersion = 16.2;
					};
					44DE8F0F2F0E6CEC008AC986 = {
						CreatedOnToolsVersion = 16.2;
						TestTargetID = 44DE8EFB2F0E6CEB008AC986;
					};
					44DE8F192F0E6CEC008AC986 = {
						CreatedOnToolsVersion = 16.2;
						TestTargetID = 44DE8EFB2F0E6CEB008AC986;
					};
				};
			};
			buildConfigurationList = 44DE8EF72F0E6CEB008AC986 /* Build configuration list for PBXProject "GymRat" */;
			developmentRegion = en;
			hasScannedForEncodings = 0;
			knownRegions = (
				en,
				Base,
				ru,
				de,
			);
			mainGroup = 44DE8EF32F0E6CEB008AC986;
			minimizedProjectReferenceProxies = 1;
			packageReferences = (
				44973D3D2F9F71600098D200 /* XCRemoteSwiftPackageReference "Kingfisher" */,
				AABBCC001122334455667703 /* XCRemoteSwiftPackageReference "mediapipe" */,
			);
			preferredProjectObjectVersion = 77;
			productRefGroup = 44DE8EFD2F0E6CEB008AC986 /* Products */;
			projectDirPath = "";
			projectRoot = "";
			targets = (
				44DE8EFB2F0E6CEB008AC986 /* GymRat */,
				44DE8F0F2F0E6CEC008AC986 /* GymRatTests */,
				44DE8F192F0E6CEC008AC986 /* GymRatUITests */,
			);
		};
/* End PBXProject section */

/* Begin PBXResourcesBuildPhase section */
		44DE8EFA2F0E6CEB008AC986 /* Resources */ = {
			isa = PBXResourcesBuildPhase;
			buildActionMask = 2147483647;
			files = (
			);
			runOnlyForDeploymentPostprocessing = 0;
		};
		44DE8F0E2F0E6CEC008AC986 /* Resources */ = {
			isa = PBXResourcesBuildPhase;
			buildActionMask = 2147483647;
			files = (
			);
			runOnlyForDeploymentPostprocessing = 0;
		};
		44DE8F182F0E6CEC008AC986 /* Resources */ = {
			isa = PBXResourcesBuildPhase;
			buildActionMask = 2147483647;
			files = (
			);
			runOnlyForDeploymentPostprocessing = 0;
		};
/* End PBXResourcesBuildPhase section */

/* Begin PBXSourcesBuildPhase section */
		44DE8EF82F0E6CEB008AC986 /* Sources */ = {
			isa = PBXSourcesBuildPhase;
			buildActionMask = 2147483647;
			files = (
			);
			runOnlyForDeploymentPostprocessing = 0;
		};
		44DE8F0C2F0E6CEC008AC986 /* Sources */ = {
			isa = PBXSourcesBuildPhase;
			buildActionMask = 2147483647;
			files = (
			);
			runOnlyForDeploymentPostprocessing = 0;
		};
		44DE8F162F0E6CEC008AC986 /* Sources */ = {
			isa = PBXSourcesBuildPhase;
			buildActionMask = 2147483647;
			files = (
			);
			runOnlyForDeploymentPostprocessing = 0;
		};
/* End PBXSourcesBuildPhase section */

/* Begin PBXTargetDependency section */
		44DE8F122F0E6CEC008AC986 /* PBXTargetDependency */ = {
			isa = PBXTargetDependency;
			target = 44DE8EFB2F0E6CEB008AC986 /* GymRat */;
			targetProxy = 44DE8F112F0E6CEC008AC986 /* PBXContainerItemProxy */;
		};
		44DE8F1C2F0E6CEC008AC986 /* PBXTargetDependency */ = {
			isa = PBXTargetDependency;
			target = 44DE8EFB2F0E6CEB008AC986 /* GymRat */;
			targetProxy = 44DE8F1B2F0E6CEC008AC986 /* PBXContainerItemProxy */;
		};
/* End PBXTargetDependency section */

/* Begin XCBuildConfiguration section */
		44DE8F242F0E6CEC008AC986 /* Debug */ = {
			isa = XCBuildConfiguration;
			baseConfigurationReferenceAnchor = 44DE8EFE2F0E6CEB008AC986 /* GymRat */;
			baseConfigurationReferenceRelativePath = Core/Secrets.xcconfig;
			buildSettings = {
				ASSETCATALOG_COMPILER_APPICON_NAME = AppIcon;
				ASSETCATALOG_COMPILER_GLOBAL_ACCENT_COLOR_NAME = AccentColor;
				ASSETCATALOG_COMPILER_INCLUDE_ALL_APPICON_ASSETS = YES;
				CODE_SIGN_ENTITLEMENTS = GymRat/GymRat.entitlements;
				CODE_SIGN_STYLE = Automatic;
				CURRENT_PROJECT_VERSION = 4;
				DEVELOPMENT_ASSET_PATHS = "\"GymRat/Resources/Preview Content\"";
				ENABLE_APP_SANDBOX = YES;
				ENABLE_PREVIEWS = YES;
				ENABLE_USER_SELECTED_FILES = readonly;
				GENERATE_INFOPLIST_FILE = YES;
				INFOPLIST_FILE = GymRat/Resources/Info.plist;
				INFOPLIST_KEY_CFBundleDisplayName = GymRat;
				INFOPLIST_KEY_LSApplicationCategoryType = "public.app-category.sports";
				INFOPLIST_KEY_NSMicrophoneUsageDescription = "GymRat uses the microphone to transcribe your workout plan edits.";
				INFOPLIST_KEY_UIApplicationSceneManifest_Generation = YES;
				INFOPLIST_KEY_UIApplicationSupportsIndirectInputEvents = YES;
				INFOPLIST_KEY_UILaunchScreen_Generation = YES;
				INFOPLIST_KEY_UISupportedInterfaceOrientations_iPad = "UIInterfaceOrientationPortrait UIInterfaceOrientationPortraitUpsideDown UIInterfaceOrientationLandscapeLeft UIInterfaceOrientationLandscapeRight";
				INFOPLIST_KEY_UISupportedInterfaceOrientations_iPhone = "UIInterfaceOrientationPortrait UIInterfaceOrientationLandscapeLeft UIInterfaceOrientationLandscapeRight";
				LD_RUNPATH_SEARCH_PATHS = (
					"$(inherited)",
					"@executable_path/Frameworks",
				);
				MARKETING_VERSION = 1.1.2;
				PRODUCT_BUNDLE_IDENTIFIER = AL.GymRat;
				PRODUCT_NAME = "$(TARGET_NAME)";
				SUPPORTED_PLATFORMS = "iphoneos iphonesimulator";
				SUPPORTS_MACCATALYST = NO;
				SUPPORTS_MAC_DESIGNED_FOR_IPHONE_IPAD = NO;
				SUPPORTS_XR_DESIGNED_FOR_IPHONE_IPAD = NO;
				SWIFT_EMIT_LOC_STRINGS = YES;
				SWIFT_VERSION = 5.0;
				TARGETED_DEVICE_FAMILY = "1,2";
			};
			name = Debug;
		};
		44DE8F252F0E6CEC008AC986 /* Release */ = {
			isa = XCBuildConfiguration;
			baseConfigurationReferenceAnchor = 44DE8EFE2F0E6CEB008AC986 /* GymRat */;
			baseConfigurationReferenceRelativePath = Core/Secrets.xcconfig;
			buildSettings = {
				ASSETCATALOG_COMPILER_APPICON_NAME = AppIcon;
				ASSETCATALOG_COMPILER_GLOBAL_ACCENT_COLOR_NAME = AccentColor;
				ASSETCATALOG_COMPILER_INCLUDE_ALL_APPICON_ASSETS = YES;
				CODE_SIGN_ENTITLEMENTS = GymRat/GymRatRelease.entitlements;
				CODE_SIGN_STYLE = Automatic;
				CURRENT_PROJECT_VERSION = 4;
				DEVELOPMENT_ASSET_PATHS = "\"GymRat/Resources/Preview Content\"";
				ENABLE_APP_SANDBOX = YES;
				ENABLE_PREVIEWS = YES;
				ENABLE_USER_SELECTED_FILES = readonly;
				GENERATE_INFOPLIST_FILE = YES;
				INFOPLIST_FILE = GymRat/Resources/Info.plist;
				INFOPLIST_KEY_CFBundleDisplayName = GymRat;
				INFOPLIST_KEY_LSApplicationCategoryType = "public.app-category.sports";
				INFOPLIST_KEY_NSMicrophoneUsageDescription = "GymRat uses the microphone to transcribe your workout plan edits.";
				INFOPLIST_KEY_UIApplicationSceneManifest_Generation = YES;
				INFOPLIST_KEY_UIApplicationSupportsIndirectInputEvents = YES;
				INFOPLIST_KEY_UILaunchScreen_Generation = YES;
				INFOPLIST_KEY_UISupportedInterfaceOrientations_iPad = "UIInterfaceOrientationPortrait UIInterfaceOrientationPortraitUpsideDown UIInterfaceOrientationLandscapeLeft UIInterfaceOrientationLandscapeRight";
				INFOPLIST_KEY_UISupportedInterfaceOrientations_iPhone = "UIInterfaceOrientationPortrait UIInterfaceOrientationLandscapeLeft UIInterfaceOrientationLandscapeRight";
				LD_RUNPATH_SEARCH_PATHS = (
					"$(inherited)",
					"@executable_path/Frameworks",
				);
				MARKETING_VERSION = 1.1.2;
				PRODUCT_BUNDLE_IDENTIFIER = com.albtugel.gymrat;
				PRODUCT_NAME = "$(TARGET_NAME)";
				SUPPORTED_PLATFORMS = "iphoneos iphonesimulator";
				SUPPORTS_MACCATALYST = NO;
				SUPPORTS_MAC_DESIGNED_FOR_IPHONE_IPAD = NO;
				SUPPORTS_XR_DESIGNED_FOR_IPHONE_IPAD = NO;
				SWIFT_EMIT_LOC_STRINGS = YES;
				SWIFT_VERSION = 5.0;
				TARGETED_DEVICE_FAMILY = "1,2";
			};
			name = Release;
		};
		44DE8F262F0E6CEC008AC986 /* Debug */ = {
			isa = XCBuildConfiguration;
			buildSettings = {
				ALWAYS_SEARCH_USER_PATHS = NO;
				ASSETCATALOG_COMPILER_GENERATE_SWIFT_ASSET_SYMBOL_EXTENSIONS = YES;
				CLANG_ANALYZER_LOCALIZABILITY_NONLOCALIZED = YES;
				CLANG_ANALYZER_NONNULL = YES;
				CLANG_ANALYZER_NUMBER_OBJECT_CONVERSION = YES_AGGRESSIVE;
				CLANG_CXX_LANGUAGE_STANDARD = "gnu++20";
				CLANG_ENABLE_MODULES = YES;
				CLANG_ENABLE_OBJC_ARC = YES;
				CLANG_ENABLE_OBJC_WEAK = YES;
				CLANG_WARN_BLOCK_CAPTURE_AUTORELEASING = YES;
				CLANG_WARN_BOOL_CONVERSION = YES;
				CLANG_WARN_COMMA = YES;
				CLANG_WARN_CONSTANT_CONVERSION = YES;
				CLANG_WARN_DEPRECATED_OBJC_IMPLEMENTATIONS = YES;
				CLANG_WARN_DIRECT_OBJC_ISA_USAGE = YES_ERROR;
				CLANG_WARN_DOCUMENTATION_COMMENTS = YES;
				CLANG_WARN_EMPTY_BODY = YES;
				CLANG_WARN_ENUM_CONVERSION = YES;
				CLANG_WARN_INFINITE_RECURSION = YES;
				CLANG_WARN_INT_CONVERSION = YES;
				CLANG_WARN_NON_LITERAL_NULL_CONVERSION = YES;
				CLANG_WARN_OBJC_IMPLICIT_RETAIN_SELF = YES;
				CLANG_WARN_OBJC_LITERAL_CONVERSION = YES;
				CLANG_WARN_OBJC_ROOT_CLASS = YES_ERROR;
				CLANG_WARN_QUOTED_INCLUDE_IN_FRAMEWORK_HEADER = YES;
				CLANG_WARN_RANGE_LOOP_ANALYSIS = YES;
				CLANG_WARN_STRICT_PROTOTYPES = YES;
				CLANG_WARN_SUSPICIOUS_MOVE = YES;
				CLANG_WARN_UNGUARDED_AVAILABILITY = YES_AGGRESSIVE;
				CLANG_WARN_UNREACHABLE_CODE = YES;
				CLANG_WARN__DUPLICATE_METHOD_MATCH = YES;
				COPY_PHASE_STRIP = NO;
				DEBUG_INFORMATION_FORMAT = dwarf;
				DEVELOPMENT_TEAM = 2D52774AP6;
				ENABLE_STRICT_OBJC_MSGSEND = YES;
				ENABLE_TESTABILITY = YES;
				ENABLE_USER_SCRIPT_SANDBOXING = YES;
				GCC_C_LANGUAGE_STANDARD = gnu17;
				GCC_DYNAMIC_NO_PIC = NO;
				GCC_NO_COMMON_BLOCKS = YES;
				GCC_OPTIMIZATION_LEVEL = 0;
				GCC_PREPROCESSOR_DEFINITIONS = (
					"DEBUG=1",
					"$(inherited)",
				);
				GCC_WARN_64_TO_32_BIT_CONVERSION = YES;
				GCC_WARN_ABOUT_RETURN_TYPE = YES_ERROR;
				GCC_WARN_UNDECLARED_SELECTOR = YES;
				GCC_WARN_UNINITIALIZED_AUTOS = YES_AGGRESSIVE;
				GCC_WARN_UNUSED_FUNCTION = YES;
				GCC_WARN_UNUSED_VARIABLE = YES;
				IPHONEOS_DEPLOYMENT_TARGET = 18.2;
				LOCALIZATION_PREFERS_STRING_CATALOGS = YES;
				MTL_ENABLE_DEBUG_INFO = INCLUDE_SOURCE;
				MTL_FAST_MATH = YES;
				ONLY_ACTIVE_ARCH = YES;
				SDKROOT = iphoneos;
				STRING_CATALOG_GENERATE_SYMBOLS = YES;
				SWIFT_ACTIVE_COMPILATION_CONDITIONS = "DEBUG $(inherited)";
				SWIFT_OPTIMIZATION_LEVEL = "-Onone";
			};
			name = Debug;
		};
		44DE8F272F0E6CEC008AC986 /* Release */ = {
			isa = XCBuildConfiguration;
			buildSettings = {
				ALWAYS_SEARCH_USER_PATHS = NO;
				ASSETCATALOG_COMPILER_GENERATE_SWIFT_ASSET_SYMBOL_EXTENSIONS = YES;
				CLANG_ANALYZER_LOCALIZABILITY_NONLOCALIZED = YES;
				CLANG_ANALYZER_NONNULL = YES;
				CLANG_ANALYZER_NUMBER_OBJECT_CONVERSION = YES_AGGRESSIVE;
				CLANG_CXX_LANGUAGE_STANDARD = "gnu++20";
				CLANG_ENABLE_MODULES = YES;
				CLANG_ENABLE_OBJC_ARC = YES;
				CLANG_ENABLE_OBJC_WEAK = YES;
				CLANG_WARN_BLOCK_CAPTURE_AUTORELEASING = YES;
				CLANG_WARN_BOOL_CONVERSION = YES;
				CLANG_WARN_COMMA = YES;
				CLANG_WARN_CONSTANT_CONVERSION = YES;
				CLANG_WARN_DEPRECATED_OBJC_IMPLEMENTATIONS = YES;
				CLANG_WARN_DIRECT_OBJC_ISA_USAGE = YES_ERROR;
				CLANG_WARN_DOCUMENTATION_COMMENTS = YES;
				CLANG_WARN_EMPTY_BODY = YES;
				CLANG_WARN_ENUM_CONVERSION = YES;
				CLANG_WARN_INFINITE_RECURSION = YES;
				CLANG_WARN_INT_CONVERSION = YES;
				CLANG_WARN_NON_LITERAL_NULL_CONVERSION = YES;
				CLANG_WARN_OBJC_IMPLICIT_RETAIN_SELF = YES;
				CLANG_WARN_OBJC_LITERAL_CONVERSION = YES;
				CLANG_WARN_OBJC_ROOT_CLASS = YES_ERROR;
				CLANG_WARN_QUOTED_INCLUDE_IN_FRAMEWORK_HEADER = YES;
				CLANG_WARN_RANGE_LOOP_ANALYSIS = YES;
				CLANG_WARN_STRICT_PROTOTYPES = YES;
				CLANG_WARN_SUSPICIOUS_MOVE = YES;
				CLANG_WARN_UNGUARDED_AVAILABILITY = YES_AGGRESSIVE;
				CLANG_WARN_UNREACHABLE_CODE = YES;
				CLANG_WARN__DUPLICATE_METHOD_MATCH = YES;
				COPY_PHASE_STRIP = NO;
				DEBUG_INFORMATION_FORMAT = "dwarf-with-dsym";
				DEVELOPMENT_TEAM = 2D52774AP6;
				ENABLE_NS_ASSERTIONS = NO;
				ENABLE_STRICT_OBJC_MSGSEND = YES;
				ENABLE_USER_SCRIPT_SANDBOXING = YES;
				GCC_C_LANGUAGE_STANDARD = gnu17;
				GCC_NO_COMMON_BLOCKS = YES;
				GCC_WARN_64_TO_32_BIT_CONVERSION = YES;
				GCC_WARN_ABOUT_RETURN_TYPE = YES_ERROR;
				GCC_WARN_UNDECLARED_SELECTOR = YES;
				GCC_WARN_UNINITIALIZED_AUTOS = YES_AGGRESSIVE;
				GCC_WARN_UNUSED_FUNCTION = YES;
				GCC_WARN_UNUSED_VARIABLE = YES;
				IPHONEOS_DEPLOYMENT_TARGET = 18.2;
				LOCALIZATION_PREFERS_STRING_CATALOGS = YES;
				MTL_ENABLE_DEBUG_INFO = NO;
				MTL_FAST_MATH = YES;
				SDKROOT = iphoneos;
				STRING_CATALOG_GENERATE_SYMBOLS = YES;
				SWIFT_COMPILATION_MODE = wholemodule;
				VALIDATE_PRODUCT = YES;
			};
			name = Release;
		};
		44DE8F292F0E6CEC008AC986 /* Debug */ = {
			isa = XCBuildConfiguration;
			buildSettings = {
				BUNDLE_LOADER = "$(TEST_HOST)";
				CODE_SIGN_STYLE = Automatic;
				CURRENT_PROJECT_VERSION = 1;
				GENERATE_INFOPLIST_FILE = YES;
				IPHONEOS_DEPLOYMENT_TARGET = 18.2;
				MARKETING_VERSION = 1.0;
				PRODUCT_BUNDLE_IDENTIFIER = AL.GymRatTests;
				PRODUCT_NAME = "$(TARGET_NAME)";
				SWIFT_EMIT_LOC_STRINGS = NO;
				SWIFT_VERSION = 5.0;
				TARGETED_DEVICE_FAMILY = "1,2";
				TEST_HOST = "$(BUILT_PRODUCTS_DIR)/GymRat.app/$(BUNDLE_EXECUTABLE_FOLDER_PATH)/GymRat";
			};
			name = Debug;
		};
		44DE8F2A2F0E6CEC008AC986 /* Release */ = {
			isa = XCBuildConfiguration;
			buildSettings = {
				BUNDLE_LOADER = "$(TEST_HOST)";
				CODE_SIGN_STYLE = Automatic;
				CURRENT_PROJECT_VERSION = 1;
				GENERATE_INFOPLIST_FILE = YES;
				IPHONEOS_DEPLOYMENT_TARGET = 18.2;
				MARKETING_VERSION = 1.0;
				PRODUCT_BUNDLE_IDENTIFIER = AL.GymRatTests;
				PRODUCT_NAME = "$(TARGET_NAME)";
				SWIFT_EMIT_LOC_STRINGS = NO;
				SWIFT_VERSION = 5.0;
				TARGETED_DEVICE_FAMILY = "1,2";
				TEST_HOST = "$(BUILT_PRODUCTS_DIR)/GymRat.app/$(BUNDLE_EXECUTABLE_FOLDER_PATH)/GymRat";
			};
			name = Release;
		};
		44DE8F2C2F0E6CEC008AC986 /* Debug */ = {
			isa = XCBuildConfiguration;
			buildSettings = {
				CODE_SIGN_STYLE = Automatic;
				CURRENT_PROJECT_VERSION = 1;
				GENERATE_INFOPLIST_FILE = YES;
				MARKETING_VERSION = 1.0;
				PRODUCT_BUNDLE_IDENTIFIER = AL.GymRatUITests;
				PRODUCT_NAME = "$(TARGET_NAME)";
				SWIFT_EMIT_LOC_STRINGS = NO;
				SWIFT_VERSION = 5.0;
				TARGETED_DEVICE_FAMILY = "1,2";
				TEST_TARGET_NAME = GymRat;
			};
			name = Debug;
		};
		44DE8F2D2F0E6CEC008AC986 /* Release */ = {
			isa = XCBuildConfiguration;
			buildSettings = {
				CODE_SIGN_STYLE = Automatic;
				CURRENT_PROJECT_VERSION = 1;
				GENERATE_INFOPLIST_FILE = YES;
				MARKETING_VERSION = 1.0;
				PRODUCT_BUNDLE_IDENTIFIER = AL.GymRatUITests;
				PRODUCT_NAME = "$(TARGET_NAME)";
				SWIFT_EMIT_LOC_STRINGS = NO;
				SWIFT_VERSION = 5.0;
				TARGETED_DEVICE_FAMILY = "1,2";
				TEST_TARGET_NAME = GymRat;
			};
			name = Release;
		};
/* End XCBuildConfiguration section */

/* Begin XCConfigurationList section */
		44DE8EF72F0E6CEB008AC986 /* Build configuration list for PBXProject "GymRat" */ = {
			isa = XCConfigurationList;
			buildConfigurations = (
				44DE8F262F0E6CEC008AC986 /* Debug */,
				44DE8F272F0E6CEC008AC986 /* Release */,
			);
			defaultConfigurationIsVisible = 0;
			defaultConfigurationName = Release;
		};
		44DE8F232F0E6CEC008AC986 /* Build configuration list for PBXNativeTarget "GymRat" */ = {
			isa = XCConfigurationList;
			buildConfigurations = (
				44DE8F242F0E6CEC008AC986 /* Debug */,
				44DE8F252F0E6CEC008AC986 /* Release */,
			);
			defaultConfigurationIsVisible = 0;
			defaultConfigurationName = Release;
		};
		44DE8F282F0E6CEC008AC986 /* Build configuration list for PBXNativeTarget "GymRatTests" */ = {
			isa = XCConfigurationList;
			buildConfigurations = (
				44DE8F292F0E6CEC008AC986 /* Debug */,
				44DE8F2A2F0E6CEC008AC986 /* Release */,
			);
			defaultConfigurationIsVisible = 0;
			defaultConfigurationName = Release;
		};
		44DE8F2B2F0E6CEC008AC986 /* Build configuration list for PBXNativeTarget "GymRatUITests" */ = {
			isa = XCConfigurationList;
			buildConfigurations = (
				44DE8F2C2F0E6CEC008AC986 /* Debug */,
				44DE8F2D2F0E6CEC008AC986 /* Release */,
			);
			defaultConfigurationIsVisible = 0;
			defaultConfigurationName = Release;
		};
/* End XCConfigurationList section */

/* Begin XCRemoteSwiftPackageReference section */
        AABBCC001122334455667703 /* XCRemoteSwiftPackageReference "mediapipe" */ = {
            isa = XCRemoteSwiftPackageReference;
            repositoryURL = "https://github.com/google-ai-edge/mediapipe.git";
            requirement = {
                kind = revision;
                revision = 6756ba4d59bdd8ac44173df8d4ab4069c0a747ec;
            };
        };
		44973D3D2F9F71600098D200 /* XCRemoteSwiftPackageReference "Kingfisher" */ = {
			isa = XCRemoteSwiftPackageReference;
			repositoryURL = "https://github.com/onevcat/Kingfisher.git";
			requirement = {
				kind = upToNextMajorVersion;
				minimumVersion = 8.8.1;
			};
		};
/* End XCRemoteSwiftPackageReference section */

/* Begin XCSwiftPackageProductDependency section */
        AABBCC001122334455667702 /* MediaPipeTasksVision */ = {
            isa = XCSwiftPackageProductDependency;
            package = AABBCC001122334455667703 /* XCRemoteSwiftPackageReference "mediapipe" */;
            productName = MediaPipeTasksVision;
        };
		44973D3F2F9F72A50098D200 /* Kingfisher */ = {
			isa = XCSwiftPackageProductDependency;
			package = 44973D3D2F9F71600098D200 /* XCRemoteSwiftPackageReference "Kingfisher" */;
			productName = Kingfisher;
		};
/* End XCSwiftPackageProductDependency section */
	};
	rootObject = 44DE8EF42F0E6CEB008AC986 /* Project object */;
}
